
Microsoft Visual Studio Solution File, Format Version 12.00
# Visual Studio Version 16
VisualStudioVersion = 16.0.29001.49
MinimumVisualStudioVersion = 10.0.40219.1
Project("{FAE04EC0-301F-11D3-BF4B-00C04F79EFBC}") = "HELLO WORLD", "HELLO WORLD\HELLO WORLD.csproj", "{3C5DA72D-D7E7-4E2D-87E2-1392D9141EB7}"
EndProject
Global
	GlobalSection(SolutionConfigurationPlatforms) = preSolution
		Debug|Any CPU = Debug|Any CPU
		Release|Any CPU = Release|Any CPU
	EndGlobalSection
	GlobalSection(ProjectConfigurationPlatforms) = postSolution
		{3C5DA72D-D7E7-4E2D-87E2-1392D9141EB7}.Debug|Any CPU.ActiveCfg = Debug|Any CPU
		{3C5DA72D-D7E7-4E2D-87E2-1392D9141EB7}.Debug|Any CPU.Build.0 = Debug|Any CPU
		{3C5DA72D-D7E7-4E2D-87E2-1392D9141EB7}.Release|Any CPU.ActiveCfg = Release|Any CPU
		{3C5DA72D-D7E7-4E2D-87E2-1392D9141EB7}.Release|Any CPU.Build.0 = Release|Any CPU
	EndGlobalSection
	GlobalSection(SolutionProperties) = preSolution
		HideSolutionNode = FALSE
	EndGlobalSection
	GlobalSection(ExtensibilityGlobals) = postSolution
		SolutionGuid = {EF4BF9F5-57C8-4487-822C-6576F62D45A3}
	EndGlobalSection
EndGlobal
